
Microsoft Visual Studio Solution File, Format Version 12.00
# Visual Studio Version 17
VisualStudioVersion = 17.7.34202.233
MinimumVisualStudioVersion = 10.0.40219.1
Project("{9A19103F-16F7-4668-BE54-9A1E7A4F7556}") = "ActyIn", "ActyIn\ActyIn.csproj", "{674C02CC-1DA1-4657-9718-C1A0D7C1F8AD}"
EndProject
Project("{9A19103F-16F7-4668-BE54-9A1E7A4F7556}") = "Athletes.Info", "Athletes.Info\Athletes.Info.csproj", "{0D3DC88B-8B62-43E4-8F75-85E1C917843C}"
EndProject
Project("{9A19103F-16F7-4668-BE54-9A1E7A4F7556}") = "Define.Common", "Define.Common\Define.Common.csproj", "{B0972614-5651-4A0D-831B-C4457B4AFFE8}"
EndProject
Project("{9A19103F-16F7-4668-BE54-9A1E7A4F7556}") = "Postgres.Context", "Postgres.Context\Postgres.Context.csproj", "{C798C955-28B2-439C-AC79-B1F5647EB62D}"
EndProject
Project("{2150E333-8FDC-42A3-9474-1A3956D46DE8}") = "tests", "tests", "{D1D90E4F-5DAC-4615-918C-E06AE3C5F3D3}"
EndProject
Project("{9A19103F-16F7-4668-BE54-9A1E7A4F7556}") = "AthletesTests", "AthletesTests\AthletesTests.csproj", "{4E5B3492-2895-4493-A47A-580813A9AF6C}"
EndProject
Project("{9A19103F-16F7-4668-BE54-9A1E7A4F7556}") = "User.Authorization", "User.Authorization\User.Authorization.csproj", "{39FEC632-70CF-497E-9445-9A521856188A}"
EndProject
Project("{9A19103F-16F7-4668-BE54-9A1E7A4F7556}") = "ChooseActivity.Info", "ChooseActivity.Info\ChooseActivity.Info.csproj", "{155C4305-A51E-4721-803C-45903BB2B8F4}"
EndProject
Project("{9A19103F-16F7-4668-BE54-9A1E7A4F7556}") = "MatchActivity.Info", "MatchActivity.Info\MatchActivity.Info.csproj", "{9D6C6FAA-CB10-45FF-BDB1-1A8D1C054CB4}"
EndProject
Project("{9A19103F-16F7-4668-BE54-9A1E7A4F7556}") = "BookingModel.Info", "BookingModel.Info\BookingModel.Info.csproj", "{E5DE0426-D3C3-4C9B-89BB-06FCE125A498}"
EndProject
Project("{FAE04EC0-301F-11D3-BF4B-00C04F79EFBC}") = "PhotoProfile.Info", "PhotoProfile.Info\PhotoProfile.Info.csproj", "{EF4C2C35-F4C3-48ED-9F08-16C24F1A92D6}"
EndProject
Global
	GlobalSection(SolutionConfigurationPlatforms) = preSolution
		Debug|Any CPU = Debug|Any CPU
		Release|Any CPU = Release|Any CPU
	EndGlobalSection
	GlobalSection(ProjectConfigurationPlatforms) = postSolution
		{674C02CC-1DA1-4657-9718-C1A0D7C1F8AD}.Debug|Any CPU.ActiveCfg = Debug|Any CPU
		{674C02CC-1DA1-4657-9718-C1A0D7C1F8AD}.Debug|Any CPU.Build.0 = Debug|Any CPU
		{674C02CC-1DA1-4657-9718-C1A0D7C1F8AD}.Release|Any CPU.ActiveCfg = Release|Any CPU
		{674C02CC-1DA1-4657-9718-C1A0D7C1F8AD}.Release|Any CPU.Build.0 = Release|Any CPU
		{0D3DC88B-8B62-43E4-8F75-85E1C917843C}.Debug|Any CPU.ActiveCfg = Debug|Any CPU
		{0D3DC88B-8B62-43E4-8F75-85E1C917843C}.Debug|Any CPU.Build.0 = Debug|Any CPU
		{0D3DC88B-8B62-43E4-8F75-85E1C917843C}.Release|Any CPU.ActiveCfg = Release|Any CPU
		{0D3DC88B-8B62-43E4-8F75-85E1C917843C}.Release|Any CPU.Build.0 = Release|Any CPU
		{B0972614-5651-4A0D-831B-C4457B4AFFE8}.Debug|Any CPU.ActiveCfg = Debug|Any CPU
		{B0972614-5651-4A0D-831B-C4457B4AFFE8}.Debug|Any CPU.Build.0 = Debug|Any CPU
		{B0972614-5651-4A0D-831B-C4457B4AFFE8}.Release|Any CPU.ActiveCfg = Release|Any CPU
		{B0972614-5651-4A0D-831B-C4457B4AFFE8}.Release|Any CPU.Build.0 = Release|Any CPU
		{C798C955-28B2-439C-AC79-B1F5647EB62D}.Debug|Any CPU.ActiveCfg = Debug|Any CPU
		{C798C955-28B2-439C-AC79-B1F5647EB62D}.Debug|Any CPU.Build.0 = Debug|Any CPU
		{C798C955-28B2-439C-AC79-B1F5647EB62D}.Release|Any CPU.ActiveCfg = Release|Any CPU
		{C798C955-28B2-439C-AC79-B1F5647EB62D}.Release|Any CPU.Build.0 = Release|Any CPU
		{4E5B3492-2895-4493-A47A-580813A9AF6C}.Debug|Any CPU.ActiveCfg = Debug|Any CPU
		{4E5B3492-2895-4493-A47A-580813A9AF6C}.Debug|Any CPU.Build.0 = Debug|Any CPU
		{4E5B3492-2895-4493-A47A-580813A9AF6C}.Release|Any CPU.ActiveCfg = Release|Any CPU
		{4E5B3492-2895-4493-A47A-580813A9AF6C}.Release|Any CPU.Build.0 = Release|Any CPU
		{39FEC632-70CF-497E-9445-9A521856188A}.Debug|Any CPU.ActiveCfg = Debug|Any CPU
		{39FEC632-70CF-497E-9445-9A521856188A}.Debug|Any CPU.Build.0 = Debug|Any CPU
		{39FEC632-70CF-497E-9445-9A521856188A}.Release|Any CPU.ActiveCfg = Release|Any CPU
		{39FEC632-70CF-497E-9445-9A521856188A}.Release|Any CPU.Build.0 = Release|Any CPU
		{155C4305-A51E-4721-803C-45903BB2B8F4}.Debug|Any CPU.ActiveCfg = Debug|Any CPU
		{155C4305-A51E-4721-803C-45903BB2B8F4}.Debug|Any CPU.Build.0 = Debug|Any CPU
		{155C4305-A51E-4721-803C-45903BB2B8F4}.Release|Any CPU.ActiveCfg = Release|Any CPU
		{155C4305-A51E-4721-803C-45903BB2B8F4}.Release|Any CPU.Build.0 = Release|Any CPU
		{9D6C6FAA-CB10-45FF-BDB1-1A8D1C054CB4}.Debug|Any CPU.ActiveCfg = Debug|Any CPU
		{9D6C6FAA-CB10-45FF-BDB1-1A8D1C054CB4}.Debug|Any CPU.Build.0 = Debug|Any CPU
		{9D6C6FAA-CB10-45FF-BDB1-1A8D1C054CB4}.Release|Any CPU.ActiveCfg = Release|Any CPU
		{9D6C6FAA-CB10-45FF-BDB1-1A8D1C054CB4}.Release|Any CPU.Build.0 = Release|Any CPU
		{E5DE0426-D3C3-4C9B-89BB-06FCE125A498}.Debug|Any CPU.ActiveCfg = Debug|Any CPU
		{E5DE0426-D3C3-4C9B-89BB-06FCE125A498}.Debug|Any CPU.Build.0 = Debug|Any CPU
		{E5DE0426-D3C3-4C9B-89BB-06FCE125A498}.Release|Any CPU.ActiveCfg = Release|Any CPU
		{E5DE0426-D3C3-4C9B-89BB-06FCE125A498}.Release|Any CPU.Build.0 = Release|Any CPU
		{EF4C2C35-F4C3-48ED-9F08-16C24F1A92D6}.Debug|Any CPU.ActiveCfg = Debug|Any CPU
		{EF4C2C35-F4C3-48ED-9F08-16C24F1A92D6}.Debug|Any CPU.Build.0 = Debug|Any CPU
		{EF4C2C35-F4C3-48ED-9F08-16C24F1A92D6}.Release|Any CPU.ActiveCfg = Release|Any CPU
		{EF4C2C35-F4C3-48ED-9F08-16C24F1A92D6}.Release|Any CPU.Build.0 = Release|Any CPU
	EndGlobalSection
	GlobalSection(SolutionProperties) = preSolution
		HideSolutionNode = FALSE
	EndGlobalSection
	GlobalSection(NestedProjects) = preSolution
		{4E5B3492-2895-4493-A47A-580813A9AF6C} = {D1D90E4F-5DAC-4615-918C-E06AE3C5F3D3}
	EndGlobalSection
	GlobalSection(ExtensibilityGlobals) = postSolution
		SolutionGuid = {81B8FDC8-A466-4D0B-B4DB-334545631F94}
	EndGlobalSection
EndGlobal
